
Microsoft Visual Studio Solution File, Format Version 12.00
# Visual Studio Version 17
VisualStudioVersion = 17.4.33205.214
MinimumVisualStudioVersion = 10.0.40219.1
Project("{6EC3EE1D-3C4E-46DD-8F32-0CC8E7565705}") = "WordCounter", "WordCounter\WordCounter.fsproj", "{CEF6AA0F-03DE-4DBC-8841-48284E78BE13}"
EndProject
Project("{2150E333-8FDC-42A3-9474-1A3956D46DE8}") = ".nuget", ".nuget", "{56F027A0-41A5-486F-8943-691427154FB5}"
	ProjectSection(SolutionItems) = preProject
		.nuget\PackMe.ps1 = .nuget\PackMe.ps1
		.nuget\PowerPack.psm1 = .nuget\PowerPack.psm1
	EndProjectSection
EndProject
Global
	GlobalSection(SolutionConfigurationPlatforms) = preSolution
		Debug|Any CPU = Debug|Any CPU
		Release|Any CPU = Release|Any CPU
	EndGlobalSection
	GlobalSection(ProjectConfigurationPlatforms) = postSolution
		{CEF6AA0F-03DE-4DBC-8841-48284E78BE13}.Debug|Any CPU.ActiveCfg = Debug|Any CPU
		{CEF6AA0F-03DE-4DBC-8841-48284E78BE13}.Debug|Any CPU.Build.0 = Debug|Any CPU
		{CEF6AA0F-03DE-4DBC-8841-48284E78BE13}.Release|Any CPU.ActiveCfg = Release|Any CPU
		{CEF6AA0F-03DE-4DBC-8841-48284E78BE13}.Release|Any CPU.Build.0 = Release|Any CPU
	EndGlobalSection
	GlobalSection(SolutionProperties) = preSolution
		HideSolutionNode = FALSE
	EndGlobalSection
	GlobalSection(ExtensibilityGlobals) = postSolution
		SolutionGuid = {CD383FCC-F289-495B-9DDC-A1A40C5E22DA}
	EndGlobalSection
EndGlobal
